
Microsoft Visual Studio Solution File, Format Version 12.00
# Visual Studio Version 17
VisualStudioVersion = 17.5.33414.496
MinimumVisualStudioVersion = 10.0.40219.1
Project("{FAE04EC0-301F-11D3-BF4B-00C04F79EFBC}") = "IotSupplyStore", "IotSupplyStore.csproj", "{C88F3527-1999-4E83-82B8-99D92D130B69}"
EndProject
Global
	GlobalSection(SolutionConfigurationPlatforms) = preSolution
		Debug|Any CPU = Debug|Any CPU
		Release|Any CPU = Release|Any CPU
	EndGlobalSection
	GlobalSection(ProjectConfigurationPlatforms) = postSolution
		{C88F3527-1999-4E83-82B8-99D92D130B69}.Debug|Any CPU.ActiveCfg = Debug|Any CPU
		{C88F3527-1999-4E83-82B8-99D92D130B69}.Debug|Any CPU.Build.0 = Debug|Any CPU
		{C88F3527-1999-4E83-82B8-99D92D130B69}.Release|Any CPU.ActiveCfg = Release|Any CPU
		{C88F3527-1999-4E83-82B8-99D92D130B69}.Release|Any CPU.Build.0 = Release|Any CPU
	EndGlobalSection
	GlobalSection(SolutionProperties) = preSolution
		HideSolutionNode = FALSE
	EndGlobalSection
	GlobalSection(ExtensibilityGlobals) = postSolution
		SolutionGuid = {D0495116-EFF9-4FDB-92EC-4D995CE4FC2B}
	EndGlobalSection
EndGlobal
